
Microsoft Visual Studio Solution File, Format Version 12.00
# Visual Studio 15
VisualStudioVersion = 15.0.27703.2000
MinimumVisualStudioVersion = 10.0.40219.1
Project("{FAE04EC0-301F-11D3-BF4B-00C04F79EFBC}") = "TesterAfAarsprojekt", "TesterAfAarsprojekt\TesterAfAarsprojekt.csproj", "{784A5C91-AA0F-4224-AAE9-EE792AE5071D}"
EndProject
Global
	GlobalSection(SolutionConfigurationPlatforms) = preSolution
		Debug|Any CPU = Debug|Any CPU
		Release|Any CPU = Release|Any CPU
	EndGlobalSection
	GlobalSection(ProjectConfigurationPlatforms) = postSolution
		{784A5C91-AA0F-4224-AAE9-EE792AE5071D}.Debug|Any CPU.ActiveCfg = Debug|Any CPU
		{784A5C91-AA0F-4224-AAE9-EE792AE5071D}.Debug|Any CPU.Build.0 = Debug|Any CPU
		{784A5C91-AA0F-4224-AAE9-EE792AE5071D}.Release|Any CPU.ActiveCfg = Release|Any CPU
		{784A5C91-AA0F-4224-AAE9-EE792AE5071D}.Release|Any CPU.Build.0 = Release|Any CPU
	EndGlobalSection
	GlobalSection(SolutionProperties) = preSolution
		HideSolutionNode = FALSE
	EndGlobalSection
	GlobalSection(ExtensibilityGlobals) = postSolution
		SolutionGuid = {080FA469-5300-4658-8B7A-77D66DB1575F}
	EndGlobalSection
EndGlobal
